
Microsoft Visual Studio Solution File, Format Version 12.00
# Visual Studio Version 17
VisualStudioVersion = 17.7.34221.43
MinimumVisualStudioVersion = 10.0.40219.1
Project("{9A19103F-16F7-4668-BE54-9A1E7A4F7556}") = "UcenjeCS", "UcenjeCS\UcenjeCS.csproj", "{44910D16-C4CB-4AD3-9222-9F47032002C3}"
EndProject
Project("{FAE04EC0-301F-11D3-BF4B-00C04F79EFBC}") = "WebAPI", "WebAPI\WebAPI.csproj", "{BAE5D442-BD13-45DD-AD31-1EC604919710}"
EndProject
Global
	GlobalSection(SolutionConfigurationPlatforms) = preSolution
		Debug|Any CPU = Debug|Any CPU
		Release|Any CPU = Release|Any CPU
	EndGlobalSection
	GlobalSection(ProjectConfigurationPlatforms) = postSolution
		{44910D16-C4CB-4AD3-9222-9F47032002C3}.Debug|Any CPU.ActiveCfg = Debug|Any CPU
		{44910D16-C4CB-4AD3-9222-9F47032002C3}.Debug|Any CPU.Build.0 = Debug|Any CPU
		{44910D16-C4CB-4AD3-9222-9F47032002C3}.Release|Any CPU.ActiveCfg = Release|Any CPU
		{44910D16-C4CB-4AD3-9222-9F47032002C3}.Release|Any CPU.Build.0 = Release|Any CPU
		{BAE5D442-BD13-45DD-AD31-1EC604919710}.Debug|Any CPU.ActiveCfg = Debug|Any CPU
		{BAE5D442-BD13-45DD-AD31-1EC604919710}.Debug|Any CPU.Build.0 = Debug|Any CPU
		{BAE5D442-BD13-45DD-AD31-1EC604919710}.Release|Any CPU.ActiveCfg = Release|Any CPU
		{BAE5D442-BD13-45DD-AD31-1EC604919710}.Release|Any CPU.Build.0 = Release|Any CPU
	EndGlobalSection
	GlobalSection(SolutionProperties) = preSolution
		HideSolutionNode = FALSE
	EndGlobalSection
	GlobalSection(ExtensibilityGlobals) = postSolution
		SolutionGuid = {AE8A26BB-24C8-46D4-B32D-EAF283017E34}
	EndGlobalSection
EndGlobal
